
Microsoft Visual Studio Solution File, Format Version 12.00
# Visual Studio 14
VisualStudioVersion = 14.0.23107.0
MinimumVisualStudioVersion = 10.0.40219.1
Project("{FAE04EC0-301F-11D3-BF4B-00C04F79EFBC}") = "Common", "Common.csproj", "{7FD426FC-4E05-4804-9F7F-521DC1756D2A}"
EndProject
Project("{FAE04EC0-301F-11D3-BF4B-00C04F79EFBC}") = "SerialDebug", "..\SerialDebug\SerialDebug\SerialDebug.csproj", "{B702A061-7847-4048-823C-19FF35D47D00}"
EndProject
Project("{FAE04EC0-301F-11D3-BF4B-00C04F79EFBC}") = "hextool", "..\..\Be.HexEditor-1.6.0\sources\hextool\hextool.csproj", "{6EF37A11-D3D1-477B-9873-F0F6772751A5}"
EndProject
Project("{FAE04EC0-301F-11D3-BF4B-00C04F79EFBC}") = "串口数据查看器", "..\串口数据查看器\串口数据查看器.csproj", "{74F8B8F3-1F7B-4523-BD2C-5E868B18A4AD}"
EndProject
Global
	GlobalSection(SolutionConfigurationPlatforms) = preSolution
		Debug|Any CPU = Debug|Any CPU
		Release|Any CPU = Release|Any CPU
	EndGlobalSection
	GlobalSection(ProjectConfigurationPlatforms) = postSolution
		{7FD426FC-4E05-4804-9F7F-521DC1756D2A}.Debug|Any CPU.ActiveCfg = Debug|Any CPU
		{7FD426FC-4E05-4804-9F7F-521DC1756D2A}.Debug|Any CPU.Build.0 = Debug|Any CPU
		{7FD426FC-4E05-4804-9F7F-521DC1756D2A}.Release|Any CPU.ActiveCfg = Release|Any CPU
		{7FD426FC-4E05-4804-9F7F-521DC1756D2A}.Release|Any CPU.Build.0 = Release|Any CPU
		{B702A061-7847-4048-823C-19FF35D47D00}.Debug|Any CPU.ActiveCfg = Debug|Any CPU
		{B702A061-7847-4048-823C-19FF35D47D00}.Debug|Any CPU.Build.0 = Debug|Any CPU
		{B702A061-7847-4048-823C-19FF35D47D00}.Release|Any CPU.ActiveCfg = Release|Any CPU
		{B702A061-7847-4048-823C-19FF35D47D00}.Release|Any CPU.Build.0 = Release|Any CPU
		{6EF37A11-D3D1-477B-9873-F0F6772751A5}.Debug|Any CPU.ActiveCfg = Debug|Any CPU
		{6EF37A11-D3D1-477B-9873-F0F6772751A5}.Debug|Any CPU.Build.0 = Debug|Any CPU
		{6EF37A11-D3D1-477B-9873-F0F6772751A5}.Release|Any CPU.ActiveCfg = Release|Any CPU
		{6EF37A11-D3D1-477B-9873-F0F6772751A5}.Release|Any CPU.Build.0 = Release|Any CPU
		{74F8B8F3-1F7B-4523-BD2C-5E868B18A4AD}.Debug|Any CPU.ActiveCfg = Debug|Any CPU
		{74F8B8F3-1F7B-4523-BD2C-5E868B18A4AD}.Debug|Any CPU.Build.0 = Debug|Any CPU
		{74F8B8F3-1F7B-4523-BD2C-5E868B18A4AD}.Release|Any CPU.ActiveCfg = Release|Any CPU
		{74F8B8F3-1F7B-4523-BD2C-5E868B18A4AD}.Release|Any CPU.Build.0 = Release|Any CPU
	EndGlobalSection
	GlobalSection(SolutionProperties) = preSolution
		HideSolutionNode = FALSE
	EndGlobalSection
EndGlobal
